# This file is automatically @generated by Poetry 1.5.1 and should not be changed by hand.

[[package]]
name = "colorama"
version = "0.4.6"
description = "Cross-platform colored terminal text."
optional = false
python-versions = "!=3.0.*,!=3.1.*,!=3.2.*,!=3.3.*,!=3.4.*,!=3.5.*,!=3.6.*,>=2.7"
files = [
    {file = "colorama-0.4.6-py2.py3-none-any.whl", hash = "sha256:4f1d9991f5acc0ca119f9d443620b77f9d6b33703e51011c16baf57afb285fc6"},
    {file = "colorama-0.4.6.tar.gz", hash = "sha256:08695f5cb7ed6e0531a20572697297273c47b8cae5a63ffc6d6ed5c201be6e44"},
]

[[package]]
name = "fuzzywuzzy"
version = "0.18.0"
description = "Fuzzy string matching in python"
optional = false
python-versions = "*"
files = [
    {file = "fuzzywuzzy-0.18.0-py2.py3-none-any.whl", hash = "sha256:928244b28db720d1e0ee7587acf660ea49d7e4c632569cad4f1cd7e68a5f0993"},
    {file = "fuzzywuzzy-0.18.0.tar.gz", hash = "sha256:45016e92264780e58972dca1b3d939ac864b78437422beecebb3095f8efd00e8"},
]

[package.extras]
speedup = ["python-levenshtein (>=0.12)"]

[[package]]
name = "levenshtein"
version = "0.20.8"
description = "Python extension for computing string edit distances and similarities."
optional = false
python-versions = ">=3.6"
files = [
    {file = "Levenshtein-0.20.8-cp310-cp310-macosx_10_9_universal2.whl", hash = "sha256:0e8c505bfb2b64d4d14a6e9f9d115877d150a398a09a97b7827df4711f1e5b4b"},
    {file = "Levenshtein-0.20.8-cp310-cp310-macosx_10_9_x86_64.whl", hash = "sha256:49bbdd707f435ad0c0e8c2727dd07233ff1db52ac607f9a67f18bf1eb275de66"},
    {file = "Levenshtein-0.20.8-cp310-cp310-macosx_11_0_arm64.whl", hash = "sha256:3bf05b99f268330a833f4749b35bf84a31985ae2a52d228207efa3e2863ba832"},
    {file = "Levenshtein-0.20.8-cp310-cp310-manylinux_2_17_aarch64.manylinux2014_aarch64.whl", hash = "sha256:b42f81d9fd1c89fe57f17288032b93020eff9ece58a2b8fbea77fc60bc321c11"},
    {file = "Levenshtein-0.20.8-cp310-cp310-manylinux_2_17_ppc64le.manylinux2014_ppc64le.whl", hash = "sha256:f71e89af67e7eb8eed11178711cc23e151e29fe488017cfc56a0a644c5e5d19d"},
    {file = "Levenshtein-0.20.8-cp310-cp310-manylinux_2_17_s390x.manylinux2014_s390x.whl", hash = "sha256:e614c3d02693f2355c42638753c4de7f5682265691a8bd7fd7d7e1fb6372f7e2"},
    {file = "Levenshtein-0.20.8-cp310-cp310-manylinux_2_17_x86_64.manylinux2014_x86_64.whl", hash = "sha256:9039bbcdb306b74542e36aa72fd3afa16db67516bbab65cbfd7ad10480b13c64"},
    {file = "Levenshtein-0.20.8-cp310-cp310-manylinux_2_5_i686.manylinux1_i686.manylinux_2_17_i686.manylinux2014_i686.whl", hash = "sha256:97a5424784b4c0989b2ec227ae000e80b293d7cc1bd3b02866d7943a3cf6b65c"},
    {file = "Levenshtein-0.20.8-cp310-cp310-musllinux_1_1_aarch64.whl", hash = "sha256:8b6e23ec767c8985a381869d3cb3935f8e67e57b80cbbdb5986329bb75f348b5"},
    {file = "Levenshtein-0.20.8-cp310-cp310-musllinux_1_1_i686.whl", hash = "sha256:5201b798e0905adab04c8b9d6ff5dd6cae13456b3e390fcd099991ce4fd32967"},
    {file = "Levenshtein-0.20.8-cp310-cp310-musllinux_1_1_ppc64le.whl", hash = "sha256:744d374f8227624028642d078ae4692f73e9e53b0ff87d25232e75abe842b00c"},
    {file = "Levenshtein-0.20.8-cp310-cp310-musllinux_1_1_s390x.whl", hash = "sha256:d6b247b22703d1989cb97a0b26485db7a3397322d3975c974c22e10a1592a414"},
    {file = "Levenshtein-0.20.8-cp310-cp310-musllinux_1_1_x86_64.whl", hash = "sha256:ff3e7e6a58892ee30f90507a4da1d316e0c3e8e3f1f70b694eeedc397a3d0802"},
    {file = "Levenshtein-0.20.8-cp310-cp310-win32.whl", hash = "sha256:ef65c16113028688353b10d159b6f12a6a471890ea6aa466a0626cd11c9239a5"},
    {file = "Levenshtein-0.20.8-cp310-cp310-win_amd64.whl", hash = "sha256:a8aac56e669a733e03c81b2e015dcd8d287db716bf2c6c9a480c4227300a7c52"},
    {file = "Levenshtein-0.20.8-cp311-cp311-macosx_10_9_universal2.whl", hash = "sha256:96070d1a1c0d908d65cd9765a7b63ecafa8ef52d7a6460dccdf4d1bd29ad98fd"},
    {file = "Levenshtein-0.20.8-cp311-cp311-macosx_10_9_x86_64.whl", hash = "sha256:079a216a55a3735f59661e0b25ff3a2122e18a710682d88e0d7576bff594f547"},
    {file = "Levenshtein-0.20.8-cp311-cp311-macosx_11_0_arm64.whl", hash = "sha256:d5cba3eab536188f16115ab6ea5de1e19440c35bb01c817388e3696b811bca21"},
    {file = "Levenshtein-0.20.8-cp311-cp311-manylinux_2_17_aarch64.manylinux2014_aarch64.whl", hash = "sha256:e0963497f51ff5aa73447173178daefff4a80e4165c2575d1357503c030f0a6b"},
    {file = "Levenshtein-0.20.8-cp311-cp311-manylinux_2_17_ppc64le.manylinux2014_ppc64le.whl", hash = "sha256:d140a0a450813ef8658f2a87d5c7d9ea2fff3f8b8d80e7ac80061b21c6a733f0"},
    {file = "Levenshtein-0.20.8-cp311-cp311-manylinux_2_17_s390x.manylinux2014_s390x.whl", hash = "sha256:dd2c3a10c7d5d1ddb181121d7a038918408efb92206519428bcee6fe6a9fec30"},
    {file = "Levenshtein-0.20.8-cp311-cp311-manylinux_2_17_x86_64.manylinux2014_x86_64.whl", hash = "sha256:59a9067d5a9b63ec5ce7e23624dfe2c26438deecb3e46103fa68c72baef544ec"},
    {file = "Levenshtein-0.20.8-cp311-cp311-manylinux_2_5_i686.manylinux1_i686.manylinux_2_17_i686.manylinux2014_i686.whl", hash = "sha256:6c587c15278877e6974f2899c2bc15e561f762a71c2b8d8771de88c650738d87"},
    {file = "Levenshtein-0.20.8-cp311-cp311-musllinux_1_1_aarch64.whl", hash = "sha256:a66a3ef2e58ac7eb8f96ae8ba8b9aec34d1446865faaeab86d3559b9a0d422aa"},
    {file = "Levenshtein-0.20.8-cp311-cp311-musllinux_1_1_i686.whl", hash = "sha256:6b3745a6c1dee2178feab4e37ee46669ea2a7b8122eb63803e96547fff9bf1fc"},
    {file = "Levenshtein-0.20.8-cp311-cp311-musllinux_1_1_ppc64le.whl", hash = "sha256:404d30d0d4b36ea504b30c508107327fa06b2cdae88291d1864b236744858ac5"},
    {file = "Levenshtein-0.20.8-cp311-cp311-musllinux_1_1_s390x.whl", hash = "sha256:7dc85e9d8a74af873621d2b26e04aa1f41e02588a98dc859bc448e5c04aebb2a"},
    {file = "Levenshtein-0.20.8-cp311-cp311-musllinux_1_1_x86_64.whl", hash = "sha256:b134a8f6fa42355baf6687c7c6890f82672de95ea44fdb59f99696087ec19439"},
    {file = "Levenshtein-0.20.8-cp311-cp311-win32.whl", hash = "sha256:e48dd2f143f2236717a7604fed2dc2e078b96a0c3881e490f258a5f4bde11324"},
    {file = "Levenshtein-0.20.8-cp311-cp311-win_amd64.whl", hash = "sha256:43505eb89a80ea529c019391809c6fbf552eb5b4a5e34780c842b0f324d2b769"},
    {file = "Levenshtein-0.20.8-cp36-cp36m-macosx_10_9_x86_64.whl", hash = "sha256:d3e14702351d7c844aaef5fe1ffc53f590e4e6a17b12836517f9771379b0da49"},
    {file = "Levenshtein-0.20.8-cp36-cp36m-manylinux_2_17_aarch64.manylinux2014_aarch64.whl", hash = "sha256:71f0c835dc7a8fd7a8b94374bb60ad238fbf7a4264f40868ec4d884130b8d96f"},
    {file = "Levenshtein-0.20.8-cp36-cp36m-manylinux_2_17_ppc64le.manylinux2014_ppc64le.whl", hash = "sha256:6cf9c8a45ce9fd60ff0fcdd5cfa44c83f2d2a0188c9e85d7eef36579919cb574"},
    {file = "Levenshtein-0.20.8-cp36-cp36m-manylinux_2_17_s390x.manylinux2014_s390x.whl", hash = "sha256:940c193991eb12922f76c422946f6c3d30ad144233c0b49dfa48e132a445cbcb"},
    {file = "Levenshtein-0.20.8-cp36-cp36m-manylinux_2_17_x86_64.manylinux2014_x86_64.whl", hash = "sha256:3f8d2d36c1d8ad9a699b1b41948c08161d4c645921ddb643b1d478b8457c859a"},
    {file = "Levenshtein-0.20.8-cp36-cp36m-manylinux_2_5_i686.manylinux1_i686.manylinux_2_17_i686.manylinux2014_i686.whl", hash = "sha256:477265c6ba07bb01f96e64fe427ec51f63872dcb345f6340f5e5c7403e367282"},
    {file = "Levenshtein-0.20.8-cp36-cp36m-musllinux_1_1_aarch64.whl", hash = "sha256:7a9622d9bba7173df575cbfc4bc0a0d929d1733e1eeac85829e4f1ad21a24de5"},
    {file = "Levenshtein-0.20.8-cp36-cp36m-musllinux_1_1_i686.whl", hash = "sha256:db71d6ea4f2412b06bec7ed697dd2efe4f42ff953db58354364902d8f29587a4"},
    {file = "Levenshtein-0.20.8-cp36-cp36m-musllinux_1_1_ppc64le.whl", hash = "sha256:828ceb9a947be03dded59d7d44fa8629ab7fc32185e460ada6355d23412ced7c"},
    {file = "Levenshtein-0.20.8-cp36-cp36m-musllinux_1_1_s390x.whl", hash = "sha256:ede6b8eaeb73aff5714459cbf5c18345fc40ca90b1885bd7e5cf0c27d99f118a"},
    {file = "Levenshtein-0.20.8-cp36-cp36m-musllinux_1_1_x86_64.whl", hash = "sha256:1481916946b50c7c80d4d318e290392614a07f9fcc612aadf3c6ce2c685ccbe9"},
    {file = "Levenshtein-0.20.8-cp36-cp36m-win32.whl", hash = "sha256:f7e4be20d10ffd24723363d4796ea78371c73d961725d7663381bbfa07ad086a"},
    {file = "Levenshtein-0.20.8-cp36-cp36m-win_amd64.whl", hash = "sha256:e8ecf0a10823ca4c90c42adb79478a845ea4979a751f32bc7cdb3b32e39e9c7f"},
    {file = "Levenshtein-0.20.8-cp37-cp37m-macosx_10_9_x86_64.whl", hash = "sha256:c09cb048098396a3ece6afe032cfdca0bb0fa49d5fb6b146d762e2d45274abba"},
    {file = "Levenshtein-0.20.8-cp37-cp37m-manylinux_2_17_aarch64.manylinux2014_aarch64.whl", hash = "sha256:204e8454d9f0be127ae21f0ff05506ed6785937c78d4ed8597504283675fdd79"},
    {file = "Levenshtein-0.20.8-cp37-cp37m-manylinux_2_17_ppc64le.manylinux2014_ppc64le.whl", hash = "sha256:2ed457334940a0dff6617e86f7df6b3ff64aa9f5a0571c7bd889228f6a9863f6"},
    {file = "Levenshtein-0.20.8-cp37-cp37m-manylinux_2_17_s390x.manylinux2014_s390x.whl", hash = "sha256:438d95ca36c8d277fb0cb078eab227173e1a59c6742cdb6dd97f106106e38ffd"},
    {file = "Levenshtein-0.20.8-cp37-cp37m-manylinux_2_17_x86_64.manylinux2014_x86_64.whl", hash = "sha256:76ee654d6a741e43039094c9c68396f952d48c4b74d4da1450c87b77db5a7f83"},
    {file = "Levenshtein-0.20.8-cp37-cp37m-manylinux_2_5_i686.manylinux1_i686.manylinux_2_17_i686.manylinux2014_i686.whl", hash = "sha256:d0f56896b12f4276a77e774be560d00bd6b173af1a5554554ed86a288ff111a4"},
    {file = "Levenshtein-0.20.8-cp37-cp37m-musllinux_1_1_aarch64.whl", hash = "sha256:ba530885bc063ad90e8dff6d7e4cb55e523213ca1815a41ccc67a2efb405ad3b"},
    {file = "Levenshtein-0.20.8-cp37-cp37m-musllinux_1_1_i686.whl", hash = "sha256:caf6ad0c8c0780d78c3f5eb270fb8aa5820cf423057d252a1de6a79b1f07e76b"},
    {file = "Levenshtein-0.20.8-cp37-cp37m-musllinux_1_1_ppc64le.whl", hash = "sha256:dae722ee22c610243d6fade46ce04ab16a36862b3edc732a60ccc57a4e9c6af8"},
    {file = "Levenshtein-0.20.8-cp37-cp37m-musllinux_1_1_s390x.whl", hash = "sha256:5d8cb2b06d8e7683c321e20740385545447cb2faf2286e2817ca03745354bf0c"},
    {file = "Levenshtein-0.20.8-cp37-cp37m-musllinux_1_1_x86_64.whl", hash = "sha256:130404e7a917c3ba80879cd8fcdd6f6e84e2cdc3018cd225d95fea906be8d8fa"},
    {file = "Levenshtein-0.20.8-cp37-cp37m-win32.whl", hash = "sha256:73f9db6a178a926c15dd1a8c9ccd810407c3eaddbfc2145f68242b55e238fd85"},
    {file = "Levenshtein-0.20.8-cp37-cp37m-win_amd64.whl", hash = "sha256:2c38b1005e6b7fe62dfc50c56bd0b7fc85688a7197f6a116459a3107461472e2"},
    {file = "Levenshtein-0.20.8-cp38-cp38-macosx_10_9_universal2.whl", hash = "sha256:7b42a6470ee44e80332acc95ed55890d12b5f27676a942e0c268b0092569f06c"},
    {file = "Levenshtein-0.20.8-cp38-cp38-macosx_10_9_x86_64.whl", hash = "sha256:2f586f3b192805ee19fb56bed803d05966ef0edc544822e934bb106f688d427b"},
    {file = "Levenshtein-0.20.8-cp38-cp38-macosx_11_0_arm64.whl", hash = "sha256:4619c165f1fe1048fc22065290b779ac3903d0d75b0fb2c600abc3913993036c"},
    {file = "Levenshtein-0.20.8-cp38-cp38-manylinux_2_17_aarch64.manylinux2014_aarch64.whl", hash = "sha256:3512354f28a13e680c5d7e83e9edc23afa5b807895db7933efb0be3fee3d50e1"},
    {file = "Levenshtein-0.20.8-cp38-cp38-manylinux_2_17_ppc64le.manylinux2014_ppc64le.whl", hash = "sha256:cab33decf636cebb20bf90563e89eb500ccfb758b0af19630ce149606f0b130f"},
    {file = "Levenshtein-0.20.8-cp38-cp38-manylinux_2_17_s390x.manylinux2014_s390x.whl", hash = "sha256:675a91e9020a24c53301de11cd4b9b9b07827f93e2ddb56187c7ba2eede58dbc"},
    {file = "Levenshtein-0.20.8-cp38-cp38-manylinux_2_17_x86_64.manylinux2014_x86_64.whl", hash = "sha256:2c8995f69db76b6c9fc113dc65b9b17a1f04f718f2c18203f6c0ac84a07462c7"},
    {file = "Levenshtein-0.20.8-cp38-cp38-manylinux_2_5_i686.manylinux1_i686.manylinux_2_17_i686.manylinux2014_i686.whl", hash = "sha256:b6463f3bc2a426703b2b259c1d6aaa73bd0c3fc85492c0f4d5dfd60658271ee9"},
    {file = "Levenshtein-0.20.8-cp38-cp38-musllinux_1_1_aarch64.whl", hash = "sha256:085e7a8f5d8a2d71790f2c16363dbd15bdc6b2d66bb12adfeef453d9436fc641"},
    {file = "Levenshtein-0.20.8-cp38-cp38-musllinux_1_1_i686.whl", hash = "sha256:94c773c9fb3a90cb7e191087beb06fb49b8d0452fb0f1abf27e9c644b19a0557"},
    {file = "Levenshtein-0.20.8-cp38-cp38-musllinux_1_1_ppc64le.whl", hash = "sha256:07836b04b628f9db65f24c34bb63fb453723aadf00b45e093384108ec05ba545"},
    {file = "Levenshtein-0.20.8-cp38-cp38-musllinux_1_1_s390x.whl", hash = "sha256:feaf0ae11827a917cdb314f189c711e0fb2b677f4e69e2c61276a65f2209ac4e"},
    {file = "Levenshtein-0.20.8-cp38-cp38-musllinux_1_1_x86_64.whl", hash = "sha256:c7b39b572cd3d2c2b8c5753246a52eda3cf3360f49de95e3f671062acc6caaf4"},
    {file = "Levenshtein-0.20.8-cp38-cp38-win32.whl", hash = "sha256:939b819874903a689863f3a552a90e1742ac342cda80f5d3e8adb42e1729d37e"},
    {file = "Levenshtein-0.20.8-cp38-cp38-win_amd64.whl", hash = "sha256:d9ad1515424b708608596a1bf314781d240f5b4fd934528d2bf0c9d7d0620e78"},
    {file = "Levenshtein-0.20.8-cp39-cp39-macosx_10_9_universal2.whl", hash = "sha256:df4ba85d1c2361b2591d8b8c01740ed9803a7c32d706f1015446f5f382c4b8ec"},
    {file = "Levenshtein-0.20.8-cp39-cp39-macosx_10_9_x86_64.whl", hash = "sha256:7677c9abbeff907bbd7869e33e47874e6ecf6e4341298e968c9e3dbf4c344765"},
    {file = "Levenshtein-0.20.8-cp39-cp39-macosx_11_0_arm64.whl", hash = "sha256:36a479f799613479871da1ed221b7099cb77caf5b060fa9eb916d5b90c0ae206"},
    {file = "Levenshtein-0.20.8-cp39-cp39-manylinux_2_17_aarch64.manylinux2014_aarch64.whl", hash = "sha256:72ac6ae6581a586ef7f325413d4f87c39dc5e50734c5731586c73c7f837af8fc"},
    {file = "Levenshtein-0.20.8-cp39-cp39-manylinux_2_17_ppc64le.manylinux2014_ppc64le.whl", hash = "sha256:7d8cb8a401633ff6210c2fe4cd5a1410b26cef47f42e0e1ab3563c5f94975c4c"},
    {file = "Levenshtein-0.20.8-cp39-cp39-manylinux_2_17_s390x.manylinux2014_s390x.whl", hash = "sha256:6456643a8c5de3ced585d9fd4fba8ae78a3b7860bed7a670f76e7a7865b34c78"},
    {file = "Levenshtein-0.20.8-cp39-cp39-manylinux_2_17_x86_64.manylinux2014_x86_64.whl", hash = "sha256:65dc11345ac7d4c13f2392ec3610c392498500a7ba6455408abdd129becea41f"},
    {file = "Levenshtein-0.20.8-cp39-cp39-manylinux_2_5_i686.manylinux1_i686.manylinux_2_17_i686.manylinux2014_i686.whl", hash = "sha256:55baa3498b31ceb62b54e5278e6f5830b4748b4709fa291e91b7d022f9bef63a"},
    {file = "Levenshtein-0.20.8-cp39-cp39-musllinux_1_1_aarch64.whl", hash = "sha256:9ea2f847e209a463387b8e8d6743b1cd929e60fdce85d8ab19022ba6678546c5"},
    {file = "Levenshtein-0.20.8-cp39-cp39-musllinux_1_1_i686.whl", hash = "sha256:2e3eb8e529cad2419d3f4bbb9f5fa0ea845c142b5e17a59c3f4ffe82b1ebfa29"},
    {file = "Levenshtein-0.20.8-cp39-cp39-musllinux_1_1_ppc64le.whl", hash = "sha256:4d61ed0b452fb6456be49ab1b9b2f1d6366db611a8c71a2fecab37118010e6c5"},
    {file = "Levenshtein-0.20.8-cp39-cp39-musllinux_1_1_s390x.whl", hash = "sha256:5bc69cbb75c502492666fd45b345e3f31a8a709b4019146cfc19f331fe1f6b38"},
    {file = "Levenshtein-0.20.8-cp39-cp39-musllinux_1_1_x86_64.whl", hash = "sha256:6b7d71485f4bf92d5cddfdb91a82a0308a7a6b6a216887de44ecdab0c0495ca1"},
    {file = "Levenshtein-0.20.8-cp39-cp39-win32.whl", hash = "sha256:59da44a59861f60b049178a56c9d723d7181c5e2e6adf04bf54120c2d1d589a1"},
    {file = "Levenshtein-0.20.8-cp39-cp39-win_amd64.whl", hash = "sha256:8dc2232dd6918aa3f6be80c9c620ce0a0e361b1b979a49d1e3fa831af224e721"},
    {file = "Levenshtein-0.20.8-pp37-pypy37_pp73-macosx_10_9_x86_64.whl", hash = "sha256:153ff8e7491f80b72250cabce926922d3d4a623d0846602a3f4fef974c3e7f4d"},
    {file = "Levenshtein-0.20.8-pp37-pypy37_pp73-manylinux_2_17_aarch64.manylinux2014_aarch64.whl", hash = "sha256:e21df20e8d8df9be6b33ed013852ba6a317d139d11647f8b241c894c8b76d523"},
    {file = "Levenshtein-0.20.8-pp37-pypy37_pp73-manylinux_2_17_x86_64.manylinux2014_x86_64.whl", hash = "sha256:7fae73b02e929da1b52d988e54f029347fe9e5b024282c9492cfc4d8a951cd93"},
    {file = "Levenshtein-0.20.8-pp37-pypy37_pp73-manylinux_2_5_i686.manylinux1_i686.manylinux_2_17_i686.manylinux2014_i686.whl", hash = "sha256:918a97459df93a8984355f91886f29dc97ddef85dfff185b38b1b748512411a1"},
    {file = "Levenshtein-0.20.8-pp37-pypy37_pp73-win_amd64.whl", hash = "sha256:c4c1e802c746679c765c780fb0dce82af1cc000bc0bea9c37bd4d6d295ddd339"},
    {file = "Levenshtein-0.20.8-pp38-pypy38_pp73-macosx_10_9_x86_64.whl", hash = "sha256:d17615b69f01a7db2bd4269e14fdad71bc7c3f08ca7a366914f85b08341953a0"},
    {file = "Levenshtein-0.20.8-pp38-pypy38_pp73-manylinux_2_17_aarch64.manylinux2014_aarch64.whl", hash = "sha256:3a57710c9c35cf41df77f4eb24ae5e9568a2d9fba3010ace657a8ec7d044c871"},
    {file = "Levenshtein-0.20.8-pp38-pypy38_pp73-manylinux_2_17_x86_64.manylinux2014_x86_64.whl", hash = "sha256:24ffa06dd1a348b45584a192a86ff5ae8233d1c1cea4bd49fa9243485b8cf838"},
    {file = "Levenshtein-0.20.8-pp38-pypy38_pp73-manylinux_2_5_i686.manylinux1_i686.manylinux_2_17_i686.manylinux2014_i686.whl", hash = "sha256:b714581e760c79ff990d8196bd0978d9246427a93eefb1f9f1087b88e17c594d"},
    {file = "Levenshtein-0.20.8-pp38-pypy38_pp73-win_amd64.whl", hash = "sha256:9e8c5d97068fb4a78f5bfe0f5d8fa365867f2431f399f5df9dd2b741558c3684"},
    {file = "Levenshtein-0.20.8-pp39-pypy39_pp73-macosx_10_9_x86_64.whl", hash = "sha256:9d1c2766a63f1231119d6744502913e432c33aa0ceb6fabc536a4fbffcc90a46"},
    {file = "Levenshtein-0.20.8-pp39-pypy39_pp73-manylinux_2_17_aarch64.manylinux2014_aarch64.whl", hash = "sha256:f87c9ed45e05fb9ad800560e3c063b1945cda981b6f92b1abfefb603b8f9113a"},
    {file = "Levenshtein-0.20.8-pp39-pypy39_pp73-manylinux_2_17_x86_64.manylinux2014_x86_64.whl", hash = "sha256:0385d69ccca8bc1a091e1071357b8610af758af8968ed32bedcedf96c51a6bb9"},
    {file = "Levenshtein-0.20.8-pp39-pypy39_pp73-manylinux_2_5_i686.manylinux1_i686.manylinux_2_17_i686.manylinux2014_i686.whl", hash = "sha256:98e741e54b7e66a63d92af04193b9d819b8f29292ccfcfd2cc6eee67ab2469f1"},
    {file = "Levenshtein-0.20.8-pp39-pypy39_pp73-win_amd64.whl", hash = "sha256:8746be2afafdab5ffc05094b0a954cea4f95bcc3e2bd48dce04b5e51063aeefb"},
    {file = "Levenshtein-0.20.8.tar.gz", hash = "sha256:a8cc52849264d3aa6e16c9daca95a02d59e9496c86f18def7131413cfba617cc"},
]

[package.dependencies]
rapidfuzz = ">=2.3.0,<3.0.0"

[[package]]
name = "markdown"
version = "3.4.1"
description = "Python implementation of Markdown."
optional = false
python-versions = ">=3.7"
files = [
    {file = "Markdown-3.4.1-py3-none-any.whl", hash = "sha256:08fb8465cffd03d10b9dd34a5c3fea908e20391a2a90b88d66362cb05beed186"},
    {file = "Markdown-3.4.1.tar.gz", hash = "sha256:3b809086bb6efad416156e00a0da66fe47618a5d6918dd688f53f40c8e4cfeff"},
]

[package.extras]
testing = ["coverage", "pyyaml"]

[[package]]
name = "python-dateutil"
version = "2.8.2"
description = "Extensions to the standard Python datetime module"
optional = false
python-versions = "!=3.0.*,!=3.1.*,!=3.2.*,>=2.7"
files = [
    {file = "python-dateutil-2.8.2.tar.gz", hash = "sha256:0123cacc1627ae19ddf3c27a5de5bd67ee4586fbdd6440d9748f8abb483d3e86"},
    {file = "python_dateutil-2.8.2-py2.py3-none-any.whl", hash = "sha256:961d03dc3453ebbc59dbdea9e4e11c5651520a876d0f4db161e8674aae935da9"},
]

[package.dependencies]
six = ">=1.5"

[[package]]
name = "python-levenshtein"
version = "0.20.8"
description = "Python extension for computing string edit distances and similarities."
optional = false
python-versions = ">=3.6"
files = [
    {file = "python-Levenshtein-0.20.8.tar.gz", hash = "sha256:c2d68fc480394ef87e20097d9c1605ae101340f0a8060c518eacd2e634b190f8"},
    {file = "python_Levenshtein-0.20.8-py3-none-any.whl", hash = "sha256:a932f149c72d2707963947ba9df9729ac36983d2e9db4eb93e4d5b69a8899070"},
]

[package.dependencies]
Levenshtein = "0.20.8"

[[package]]
name = "rapidfuzz"
version = "2.15.1"
description = "rapid fuzzy string matching"
optional = false
python-versions = ">=3.7"
files = [
    {file = "rapidfuzz-2.15.1-cp310-cp310-macosx_10_9_universal2.whl", hash = "sha256:fc0bc259ebe3b93e7ce9df50b3d00e7345335d35acbd735163b7c4b1957074d3"},
    {file = "rapidfuzz-2.15.1-cp310-cp310-macosx_10_9_x86_64.whl", hash = "sha256:d59fb3a410d253f50099d7063855c2b95df1ef20ad93ea3a6b84115590899f25"},
    {file = "rapidfuzz-2.15.1-cp310-cp310-macosx_11_0_arm64.whl", hash = "sha256:c525a3da17b6d79d61613096c8683da86e3573e807dfaecf422eea09e82b5ba6"},
    {file = "rapidfuzz-2.15.1-cp310-cp310-manylinux_2_17_aarch64.manylinux2014_aarch64.whl", hash = "sha256:d4deae6a918ecc260d0c4612257be8ba321d8e913ccb43155403842758c46fbe"},
    {file = "rapidfuzz-2.15.1-cp310-cp310-manylinux_2_17_i686.manylinux2014_i686.whl", hash = "sha256:2577463d10811386e704a3ab58b903eb4e2a31b24dfd9886d789b0084d614b01"},
    {file = "rapidfuzz-2.15.1-cp310-cp310-manylinux_2_17_ppc64le.manylinux2014_ppc64le.whl", hash = "sha256:f67d5f56aa48c0da9de4ab81bffb310683cf7815f05ea38e5aa64f3ba4368339"},
    {file = "rapidfuzz-2.15.1-cp310-cp310-manylinux_2_17_s390x.manylinux2014_s390x.whl", hash = "sha256:d7927722ff43690e52b3145b5bd3089151d841d350c6f8378c3cfac91f67573a"},
    {file = "rapidfuzz-2.15.1-cp310-cp310-manylinux_2_17_x86_64.manylinux2014_x86_64.whl", hash = "sha256:6534afc787e32c4104f65cdeb55f6abe4d803a2d0553221d00ef9ce12788dcde"},
    {file = "rapidfuzz-2.15.1-cp310-cp310-musllinux_1_1_aarch64.whl", hash = "sha256:d0ae6ec79a1931929bb9dd57bc173eb5ba4c7197461bf69e3a34b6dd314feed2"},
    {file = "rapidfuzz-2.15.1-cp310-cp310-musllinux_1_1_i686.whl", hash = "sha256:be7ccc45c4d1a7dfb595f260e8022a90c6cb380c2a346ee5aae93f85c96d362b"},
    {file = "rapidfuzz-2.15.1-cp310-cp310-musllinux_1_1_ppc64le.whl", hash = "sha256:8ba013500a2b68c64b2aecc5fb56a2dad6c2872cf545a0308fd044827b6e5f6a"},
    {file = "rapidfuzz-2.15.1-cp310-cp310-musllinux_1_1_s390x.whl", hash = "sha256:4d9f7d10065f657f960b48699e7dddfce14ab91af4bab37a215f0722daf0d716"},
    {file = "rapidfuzz-2.15.1-cp310-cp310-musllinux_1_1_x86_64.whl", hash = "sha256:7e24a1b802cea04160b3fccd75d2d0905065783ebc9de157d83c14fb9e1c6ce2"},
    {file = "rapidfuzz-2.15.1-cp310-cp310-win32.whl", hash = "sha256:dffdf03499e0a5b3442951bb82b556333b069e0661e80568752786c79c5b32de"},
    {file = "rapidfuzz-2.15.1-cp310-cp310-win_amd64.whl", hash = "sha256:7d150d90a7c6caae7962f29f857a4e61d42038cfd82c9df38508daf30c648ae7"},
    {file = "rapidfuzz-2.15.1-cp310-cp310-win_arm64.whl", hash = "sha256:87c30e9184998ff6eb0fa9221f94282ce7c908fd0da96a1ef66ecadfaaa4cdb7"},
    {file = "rapidfuzz-2.15.1-cp311-cp311-macosx_10_9_universal2.whl", hash = "sha256:6986413cb37035eb796e32f049cbc8c13d8630a4ac1e0484e3e268bb3662bd1b"},
    {file = "rapidfuzz-2.15.1-cp311-cp311-macosx_10_9_x86_64.whl", hash = "sha256:a72f26e010d4774b676f36e43c0fc8a2c26659efef4b3be3fd7714d3491e9957"},
    {file = "rapidfuzz-2.15.1-cp311-cp311-macosx_11_0_arm64.whl", hash = "sha256:b5cd54c98a387cca111b3b784fc97a4f141244bbc28a92d4bde53f164464112e"},
    {file = "rapidfuzz-2.15.1-cp311-cp311-manylinux_2_17_aarch64.manylinux2014_aarch64.whl", hash = "sha256:da7fac7c3da39f93e6b2ebe386ed0ffe1cefec91509b91857f6e1204509e931f"},
    {file = "rapidfuzz-2.15.1-cp311-cp311-manylinux_2_17_i686.manylinux2014_i686.whl", hash = "sha256:f976e76ac72f650790b3a5402431612175b2ac0363179446285cb3c901136ca9"},
    {file = "rapidfuzz-2.15.1-cp311-cp311-manylinux_2_17_ppc64le.manylinux2014_ppc64le.whl", hash = "sha256:abde47e1595902a490ed14d4338d21c3509156abb2042a99e6da51f928e0c117"},
    {file = "rapidfuzz-2.15.1-cp311-cp311-manylinux_2_17_s390x.manylinux2014_s390x.whl", hash = "sha256:ca8f1747007a3ce919739a60fa95c5325f7667cccf6f1c1ef18ae799af119f5e"},
    {file = "rapidfuzz-2.15.1-cp311-cp311-manylinux_2_17_x86_64.manylinux2014_x86_64.whl", hash = "sha256:c35da09ab9797b020d0d4f07a66871dfc70ea6566363811090353ea971748b5a"},
    {file = "rapidfuzz-2.15.1-cp311-cp311-musllinux_1_1_aarch64.whl", hash = "sha256:a3a769ca7580686a66046b77df33851b3c2d796dc1eb60c269b68f690f3e1b65"},
    {file = "rapidfuzz-2.15.1-cp311-cp311-musllinux_1_1_i686.whl", hash = "sha256:d50622efefdb03a640a51a6123748cd151d305c1f0431af762e833d6ffef71f0"},
    {file = "rapidfuzz-2.15.1-cp311-cp311-musllinux_1_1_ppc64le.whl", hash = "sha256:b7461b0a7651d68bc23f0896bffceea40f62887e5ab8397bf7caa883592ef5cb"},
    {file = "rapidfuzz-2.15.1-cp311-cp311-musllinux_1_1_s390x.whl", hash = "sha256:074ee9e17912e025c72a5780ee4c7c413ea35cd26449719cc399b852d4e42533"},
    {file = "rapidfuzz-2.15.1-cp311-cp311-musllinux_1_1_x86_64.whl", hash = "sha256:7025fb105a11f503943f17718cdb8241ea3bb4d812c710c609e69bead40e2ff0"},
    {file = "rapidfuzz-2.15.1-cp311-cp311-win32.whl", hash = "sha256:2084d36b95139413cef25e9487257a1cc892b93bd1481acd2a9656f7a1d9930c"},
    {file = "rapidfuzz-2.15.1-cp311-cp311-win_amd64.whl", hash = "sha256:5a738fcd24e34bce4b19126b92fdae15482d6d3a90bd687fd3d24ce9d28ce82d"},
    {file = "rapidfuzz-2.15.1-cp311-cp311-win_arm64.whl", hash = "sha256:dc3cafa68cfa54638632bdcadf9aab89a3d182b4a3f04d2cad7585ed58ea8731"},
    {file = "rapidfuzz-2.15.1-cp37-cp37m-macosx_10_9_x86_64.whl", hash = "sha256:3c53d57ba7a88f7bf304d4ea5a14a0ca112db0e0178fff745d9005acf2879f7d"},
    {file = "rapidfuzz-2.15.1-cp37-cp37m-manylinux_2_17_aarch64.manylinux2014_aarch64.whl", hash = "sha256:a6ee758eec4cf2215dc8d8eafafcea0d1f48ad4b0135767db1b0f7c5c40a17dd"},
    {file = "rapidfuzz-2.15.1-cp37-cp37m-manylinux_2_17_i686.manylinux2014_i686.whl", hash = "sha256:2d93ba3ae59275e7a3a116dac4ffdb05e9598bf3ee0861fecc5b60fb042d539e"},
    {file = "rapidfuzz-2.15.1-cp37-cp37m-manylinux_2_17_ppc64le.manylinux2014_ppc64le.whl", hash = "sha256:7c3ff75e647908ddbe9aa917fbe39a112d5631171f3fcea5809e2363e525a59d"},
    {file = "rapidfuzz-2.15.1-cp37-cp37m-manylinux_2_17_s390x.manylinux2014_s390x.whl", hash = "sha256:6d89c421702474c6361245b6b199e6e9783febacdbfb6b002669e6cb3ef17a09"},
    {file = "rapidfuzz-2.15.1-cp37-cp37m-manylinux_2_17_x86_64.manylinux2014_x86_64.whl", hash = "sha256:4f69e6199fec0f58f9a89afbbaea78d637c7ce77f656a03a1d6ea6abdc1d44f8"},
    {file = "rapidfuzz-2.15.1-cp37-cp37m-musllinux_1_1_aarch64.whl", hash = "sha256:41dfea282844d0628279b4db2929da0dacb8ac317ddc5dcccc30093cf16357c1"},
    {file = "rapidfuzz-2.15.1-cp37-cp37m-musllinux_1_1_i686.whl", hash = "sha256:2dd03477feefeccda07b7659dd614f6738cfc4f9b6779dd61b262a73b0a9a178"},
    {file = "rapidfuzz-2.15.1-cp37-cp37m-musllinux_1_1_ppc64le.whl", hash = "sha256:5efe035aa76ff37d1b5fa661de3c4b4944de9ff227a6c0b2e390a95c101814c0"},
    {file = "rapidfuzz-2.15.1-cp37-cp37m-musllinux_1_1_s390x.whl", hash = "sha256:ed2cf7c69102c7a0a06926d747ed855bc836f52e8d59a5d1e3adfd980d1bd165"},
    {file = "rapidfuzz-2.15.1-cp37-cp37m-musllinux_1_1_x86_64.whl", hash = "sha256:a0e441d4c2025110ec3eba5d54f11f78183269a10152b3a757a739ffd1bb12bf"},
    {file = "rapidfuzz-2.15.1-cp37-cp37m-win32.whl", hash = "sha256:a4a54efe17cc9f53589c748b53f28776dfdfb9bc83619685740cb7c37985ac2f"},
    {file = "rapidfuzz-2.15.1-cp37-cp37m-win_amd64.whl", hash = "sha256:bb8318116ecac4dfb84841d8b9b461f9bb0c3be5b616418387d104f72d2a16d1"},
    {file = "rapidfuzz-2.15.1-cp38-cp38-macosx_10_9_universal2.whl", hash = "sha256:e9296c530e544f68858c3416ad1d982a1854f71e9d2d3dcedb5b216e6d54f067"},
    {file = "rapidfuzz-2.15.1-cp38-cp38-macosx_10_9_x86_64.whl", hash = "sha256:49c4bcdb9238f11f8c4eba1b898937f09b92280d6f900023a8216008f299b41a"},
    {file = "rapidfuzz-2.15.1-cp38-cp38-macosx_11_0_arm64.whl", hash = "sha256:ebb40a279e134bb3fef099a8b58ed5beefb201033d29bdac005bddcdb004ef71"},
    {file = "rapidfuzz-2.15.1-cp38-cp38-manylinux_2_17_aarch64.manylinux2014_aarch64.whl", hash = "sha256:a7381c11cb590bbd4e6f2d8779a0b34fdd2234dfa13d0211f6aee8ca166d9d05"},
    {file = "rapidfuzz-2.15.1-cp38-cp38-manylinux_2_17_i686.manylinux2014_i686.whl", hash = "sha256:cfdcdedfd12a0077193f2cf3626ff6722c5a184adf0d2d51f1ec984bf21c23c3"},
    {file = "rapidfuzz-2.15.1-cp38-cp38-manylinux_2_17_ppc64le.manylinux2014_ppc64le.whl", hash = "sha256:f85bece1ec59bda8b982bd719507d468d4df746dfb1988df11d916b5e9fe19e8"},
    {file = "rapidfuzz-2.15.1-cp38-cp38-manylinux_2_17_s390x.manylinux2014_s390x.whl", hash = "sha256:b1b393f4a1eaa6867ffac6aef58cfb04bab2b3d7d8e40b9fe2cf40dd1d384601"},
    {file = "rapidfuzz-2.15.1-cp38-cp38-manylinux_2_17_x86_64.manylinux2014_x86_64.whl", hash = "sha256:53de456ef020a77bf9d7c6c54860a48e2e902584d55d3001766140ac45c54bc7"},
    {file = "rapidfuzz-2.15.1-cp38-cp38-musllinux_1_1_aarch64.whl", hash = "sha256:2492330bc38b76ed967eab7bdaea63a89b6ceb254489e2c65c3824efcbf72993"},
    {file = "rapidfuzz-2.15.1-cp38-cp38-musllinux_1_1_i686.whl", hash = "sha256:099e4c6befaa8957a816bdb67ce664871f10aaec9bebf2f61368cf7e0869a7a1"},
    {file = "rapidfuzz-2.15.1-cp38-cp38-musllinux_1_1_ppc64le.whl", hash = "sha256:46599b2ad4045dd3f794a24a6db1e753d23304699d4984462cf1ead02a51ddf3"},
    {file = "rapidfuzz-2.15.1-cp38-cp38-musllinux_1_1_s390x.whl", hash = "sha256:591f19d16758a3c55c9d7a0b786b40d95599a5b244d6eaef79c7a74fcf5104d8"},
    {file = "rapidfuzz-2.15.1-cp38-cp38-musllinux_1_1_x86_64.whl", hash = "sha256:ed17359061840eb249f8d833cb213942e8299ffc4f67251a6ed61833a9f2ea20"},
    {file = "rapidfuzz-2.15.1-cp38-cp38-win32.whl", hash = "sha256:aa1e5aad325168e29bf8e17006479b97024aa9d2fdbe12062bd2f8f09080acf8"},
    {file = "rapidfuzz-2.15.1-cp38-cp38-win_amd64.whl", hash = "sha256:c2bb68832b140c551dbed691290bef4ee6719d4e8ce1b7226a3736f61a9d1a83"},
    {file = "rapidfuzz-2.15.1-cp39-cp39-macosx_10_9_universal2.whl", hash = "sha256:3fac40972cf7b6c14dded88ae2331eb50dfbc278aa9195473ef6fc6bfe49f686"},
    {file = "rapidfuzz-2.15.1-cp39-cp39-macosx_10_9_x86_64.whl", hash = "sha256:f0e456cbdc0abf39352800309dab82fd3251179fa0ff6573fa117f51f4e84be8"},
    {file = "rapidfuzz-2.15.1-cp39-cp39-macosx_11_0_arm64.whl", hash = "sha256:22b9d22022b9d09fd4ece15102270ab9b6a5cfea8b6f6d1965c1df7e3783f5ff"},
    {file = "rapidfuzz-2.15.1-cp39-cp39-manylinux_2_17_aarch64.manylinux2014_aarch64.whl", hash = "sha256:46754fe404a9a6f5cbf7abe02d74af390038d94c9b8c923b3f362467606bfa28"},
    {file = "rapidfuzz-2.15.1-cp39-cp39-manylinux_2_17_i686.manylinux2014_i686.whl", hash = "sha256:91abb8bf7610efe326394adc1d45e1baca8f360e74187f3fa0ef3df80cdd3ba6"},
    {file = "rapidfuzz-2.15.1-cp39-cp39-manylinux_2_17_ppc64le.manylinux2014_ppc64le.whl", hash = "sha256:e40a2f60024f9d3c15401e668f732800114a023f3f8d8c40f1521a62081ff054"},
    {file = "rapidfuzz-2.15.1-cp39-cp39-manylinux_2_17_s390x.manylinux2014_s390x.whl", hash = "sha256:a48ee83916401ac73938526d7bd804e01d2a8fe61809df7f1577b0b3b31049a3"},
    {file = "rapidfuzz-2.15.1-cp39-cp39-manylinux_2_17_x86_64.manylinux2014_x86_64.whl", hash = "sha256:c71580052f9dbac443c02f60484e5a2e5f72ad4351b84b2009fbe345b1f38422"},
    {file = "rapidfuzz-2.15.1-cp39-cp39-musllinux_1_1_aarch64.whl", hash = "sha256:82b86d5b8c1b9bcbc65236d75f81023c78d06a721c3e0229889ff4ed5c858169"},
    {file = "rapidfuzz-2.15.1-cp39-cp39-musllinux_1_1_i686.whl", hash = "sha256:fc4528b7736e5c30bc954022c2cf410889abc19504a023abadbc59cdf9f37cae"},
    {file = "rapidfuzz-2.15.1-cp39-cp39-musllinux_1_1_ppc64le.whl", hash = "sha256:e1e0e569108a5760d8f01d0f2148dd08cc9a39ead79fbefefca9e7c7723c7e88"},
    {file = "rapidfuzz-2.15.1-cp39-cp39-musllinux_1_1_s390x.whl", hash = "sha256:94e1c97f0ad45b05003806f8a13efc1fc78983e52fa2ddb00629003acf4676ef"},
    {file = "rapidfuzz-2.15.1-cp39-cp39-musllinux_1_1_x86_64.whl", hash = "sha256:47e81767a962e41477a85ad7ac937e34d19a7d2a80be65614f008a5ead671c56"},
    {file = "rapidfuzz-2.15.1-cp39-cp39-win32.whl", hash = "sha256:79fc574aaf2d7c27ec1022e29c9c18f83cdaf790c71c05779528901e0caad89b"},
    {file = "rapidfuzz-2.15.1-cp39-cp39-win_amd64.whl", hash = "sha256:f3dd4bcef2d600e0aa121e19e6e62f6f06f22a89f82ef62755e205ce14727874"},
    {file = "rapidfuzz-2.15.1-cp39-cp39-win_arm64.whl", hash = "sha256:cac095cbdf44bc286339a77214bbca6d4d228c9ebae3da5ff6a80aaeb7c35634"},
    {file = "rapidfuzz-2.15.1-pp37-pypy37_pp73-macosx_10_9_x86_64.whl", hash = "sha256:b89d1126be65c85763d56e3b47d75f1a9b7c5529857b4d572079b9a636eaa8a7"},
    {file = "rapidfuzz-2.15.1-pp37-pypy37_pp73-manylinux_2_17_aarch64.manylinux2014_aarch64.whl", hash = "sha256:19b7460e91168229768be882ea365ba0ac7da43e57f9416e2cfadc396a7df3c2"},
    {file = "rapidfuzz-2.15.1-pp37-pypy37_pp73-manylinux_2_17_i686.manylinux2014_i686.whl", hash = "sha256:93c33c03e7092642c38f8a15ca2d8fc38da366f2526ec3b46adf19d5c7aa48ba"},
    {file = "rapidfuzz-2.15.1-pp37-pypy37_pp73-manylinux_2_17_x86_64.manylinux2014_x86_64.whl", hash = "sha256:040faca2e26d9dab5541b45ce72b3f6c0e36786234703fc2ac8c6f53bb576743"},
    {file = "rapidfuzz-2.15.1-pp37-pypy37_pp73-win_amd64.whl", hash = "sha256:6e2a3b23e1e9aa13474b3c710bba770d0dcc34d517d3dd6f97435a32873e3f28"},
    {file = "rapidfuzz-2.15.1-pp38-pypy38_pp73-macosx_10_9_x86_64.whl", hash = "sha256:2e597b9dfd6dd180982684840975c458c50d447e46928efe3e0120e4ec6f6686"},
    {file = "rapidfuzz-2.15.1-pp38-pypy38_pp73-manylinux_2_17_aarch64.manylinux2014_aarch64.whl", hash = "sha256:d14752c9dd2036c5f36ebe8db5f027275fa7d6b3ec6484158f83efb674bab84e"},
    {file = "rapidfuzz-2.15.1-pp38-pypy38_pp73-manylinux_2_17_i686.manylinux2014_i686.whl", hash = "sha256:558224b6fc6124d13fa32d57876f626a7d6188ba2a97cbaea33a6ee38a867e31"},
    {file = "rapidfuzz-2.15.1-pp38-pypy38_pp73-manylinux_2_17_x86_64.manylinux2014_x86_64.whl", hash = "sha256:3c89cfa88dc16fd8c9bcc0c7f0b0073f7ef1e27cceb246c9f5a3f7004fa97c4d"},
    {file = "rapidfuzz-2.15.1-pp38-pypy38_pp73-win_amd64.whl", hash = "sha256:509c5b631cd64df69f0f011893983eb15b8be087a55bad72f3d616b6ae6a0f96"},
    {file = "rapidfuzz-2.15.1-pp39-pypy39_pp73-macosx_10_9_x86_64.whl", hash = "sha256:0f73a04135a03a6e40393ecd5d46a7a1049d353fc5c24b82849830d09817991f"},
    {file = "rapidfuzz-2.15.1-pp39-pypy39_pp73-manylinux_2_17_aarch64.manylinux2014_aarch64.whl", hash = "sha256:8c99d53138a2dfe8ada67cb2855719f934af2733d726fbf73247844ce4dd6dd5"},
    {file = "rapidfuzz-2.15.1-pp39-pypy39_pp73-manylinux_2_17_i686.manylinux2014_i686.whl", hash = "sha256:f01fa757f0fb332a1f045168d29b0d005de6c39ee5ce5d6c51f2563bb53c601b"},
    {file = "rapidfuzz-2.15.1-pp39-pypy39_pp73-manylinux_2_17_x86_64.manylinux2014_x86_64.whl", hash = "sha256:60368e1add6e550faae65614844c43f8a96e37bf99404643b648bf2dba92c0fb"},
    {file = "rapidfuzz-2.15.1-pp39-pypy39_pp73-win_amd64.whl", hash = "sha256:785744f1270828cc632c5a3660409dee9bcaac6931a081bae57542c93e4d46c4"},
    {file = "rapidfuzz-2.15.1.tar.gz", hash = "sha256:d62137c2ca37aea90a11003ad7dc109c8f1739bfbe5a9a217f3cdb07d7ac00f6"},
]

[package.extras]
full = ["numpy"]

[[package]]
name = "six"
version = "1.16.0"
description = "Python 2 and 3 compatibility utilities"
optional = false
python-versions = ">=2.7, !=3.0.*, !=3.1.*, !=3.2.*"
files = [
    {file = "six-1.16.0-py2.py3-none-any.whl", hash = "sha256:8abb2f1d86890a2dfb989f9a77cfcfd3e47c2a354b01111771326f8aa26e0254"},
    {file = "six-1.16.0.tar.gz", hash = "sha256:1e61c37477a1626458e36f7b1d82aa5c9b094fa4802892072e49de9c60c4c926"},
]

[metadata]
lock-version = "2.0"
python-versions = "^3.10"
content-hash = "2a40d9549b192a47fef13c6f3763ef903b4051081bb029178dde36cccebf8f46"
